
Microsoft Visual Studio Solution File, Format Version 12.00
# Visual Studio Version 16
VisualStudioVersion = 16.0.33529.622
MinimumVisualStudioVersion = 10.0.40219.1
Project("{FAE04EC0-301F-11D3-BF4B-00C04F79EFBC}") = "Ex03.GarageLogic", "Ex03.GarageLogic\Ex03.GarageLogic.csproj", "{23F7708A-84FE-4D16-A01A-C8799B60EAA9}"
EndProject
Project("{FAE04EC0-301F-11D3-BF4B-00C04F79EFBC}") = "Ex03.Console.UI", "Ex03.Console.UI\Ex03.Console.UI.csproj", "{B8FD0658-63C4-415C-9BF4-FB15E9FA596B}"
EndProject
Global
	GlobalSection(SolutionConfigurationPlatforms) = preSolution
		Debug|Any CPU = Debug|Any CPU
		Release|Any CPU = Release|Any CPU
	EndGlobalSection
	GlobalSection(ProjectConfigurationPlatforms) = postSolution
		{23F7708A-84FE-4D16-A01A-C8799B60EAA9}.Debug|Any CPU.ActiveCfg = Debug|Any CPU
		{23F7708A-84FE-4D16-A01A-C8799B60EAA9}.Debug|Any CPU.Build.0 = Debug|Any CPU
		{23F7708A-84FE-4D16-A01A-C8799B60EAA9}.Release|Any CPU.ActiveCfg = Release|Any CPU
		{23F7708A-84FE-4D16-A01A-C8799B60EAA9}.Release|Any CPU.Build.0 = Release|Any CPU
		{B8FD0658-63C4-415C-9BF4-FB15E9FA596B}.Debug|Any CPU.ActiveCfg = Debug|Any CPU
		{B8FD0658-63C4-415C-9BF4-FB15E9FA596B}.Debug|Any CPU.Build.0 = Debug|Any CPU
		{B8FD0658-63C4-415C-9BF4-FB15E9FA596B}.Release|Any CPU.ActiveCfg = Release|Any CPU
		{B8FD0658-63C4-415C-9BF4-FB15E9FA596B}.Release|Any CPU.Build.0 = Release|Any CPU
	EndGlobalSection
	GlobalSection(SolutionProperties) = preSolution
		HideSolutionNode = FALSE
	EndGlobalSection
	GlobalSection(ExtensibilityGlobals) = postSolution
		SolutionGuid = {B78F743A-6121-4100-AF05-D974775D22FA}
	EndGlobalSection
EndGlobal
